
Microsoft Visual Studio Solution File, Format Version 12.00
# Visual Studio Version 16
VisualStudioVersion = 16.0.28803.352
MinimumVisualStudioVersion = 10.0.40219.1
Project("{FAE04EC0-301F-11D3-BF4B-00C04F79EFBC}") = "TesteSGRENTALS", "TesteSGRENTALS\TesteSGRENTALS.csproj", "{F501C5A1-B4BE-44D1-B91E-9DE30661F2DA}"
EndProject
Global
	GlobalSection(SolutionConfigurationPlatforms) = preSolution
		Debug|Any CPU = Debug|Any CPU
		Release|Any CPU = Release|Any CPU
	EndGlobalSection
	GlobalSection(ProjectConfigurationPlatforms) = postSolution
		{F501C5A1-B4BE-44D1-B91E-9DE30661F2DA}.Debug|Any CPU.ActiveCfg = Debug|Any CPU
		{F501C5A1-B4BE-44D1-B91E-9DE30661F2DA}.Debug|Any CPU.Build.0 = Debug|Any CPU
		{F501C5A1-B4BE-44D1-B91E-9DE30661F2DA}.Release|Any CPU.ActiveCfg = Release|Any CPU
		{F501C5A1-B4BE-44D1-B91E-9DE30661F2DA}.Release|Any CPU.Build.0 = Release|Any CPU
	EndGlobalSection
	GlobalSection(SolutionProperties) = preSolution
		HideSolutionNode = FALSE
	EndGlobalSection
	GlobalSection(ExtensibilityGlobals) = postSolution
		SolutionGuid = {C9A1A1AD-CB0F-459A-B993-E9341285660B}
	EndGlobalSection
EndGlobal
